// !$*UTF8*$!
{
	archiveVersion = 1;
	classes = {
	};
	objectVersion = 56;
	objects = {

/* Begin PBXBuildFile section */
		C01C4C0D2B4ED7CC0022DB12 /* ChartView.swift in Sources */ = {isa = PBXBuildFile; fileRef = C01C4C0C2B4ED7CC0022DB12 /* ChartView.swift */; };
		C0CA7FA32B4D8E1F000C68D7 /* DetailCoinView.swift in Sources */ = {isa = PBXBuildFile; fileRef = C0CA7FA22B4D8E1F000C68D7 /* DetailCoinView.swift */; };
		C0CA7FA62B4DAC59000C68D7 /* DetailCoinViewModel.swift in Sources */ = {isa = PBXBuildFile; fileRef = C0CA7FA52B4DAC59000C68D7 /* DetailCoinViewModel.swift */; };
		C0CA7FA92B4DB092000C68D7 /* NavigationBarBackButtonTitleHiddenModifier.swift in Sources */ = {isa = PBXBuildFile; fileRef = C0CA7FA82B4DB092000C68D7 /* NavigationBarBackButtonTitleHiddenModifier.swift */; };
		C0D52B022B4DCA2300521373 /* DetailInfo.swift in Sources */ = {isa = PBXBuildFile; fileRef = C0D52B012B4DCA2300521373 /* DetailInfo.swift */; };
		C0D52B042B4DCD6D00521373 /* Color+Extension.swift in Sources */ = {isa = PBXBuildFile; fileRef = C0D52B032B4DCD6D00521373 /* Color+Extension.swift */; };
		C0D6BF312B4C3EC000585540 /* HomeRowView.swift in Sources */ = {isa = PBXBuildFile; fileRef = C0D6BF302B4C3EC000585540 /* HomeRowView.swift */; };
		C0D6BF332B4C45FA00585540 /* HomeHeaderView.swift in Sources */ = {isa = PBXBuildFile; fileRef = C0D6BF322B4C45FA00585540 /* HomeHeaderView.swift */; };
		C0D6BF362B4C499D00585540 /* UIApplication+Extension.swift in Sources */ = {isa = PBXBuildFile; fileRef = C0D6BF352B4C499D00585540 /* UIApplication+Extension.swift */; };
		C0D6BF3B2B4C573100585540 /* UpbitAPI.swift in Sources */ = {isa = PBXBuildFile; fileRef = C0D6BF3A2B4C573100585540 /* UpbitAPI.swift */; };
		C0D6BF3E2B4C575D00585540 /* Market.swift in Sources */ = {isa = PBXBuildFile; fileRef = C0D6BF3D2B4C575D00585540 /* Market.swift */; };
		C0D6BF412B4C57D700585540 /* HomeViewModel.swift in Sources */ = {isa = PBXBuildFile; fileRef = C0D6BF402B4C57D700585540 /* HomeViewModel.swift */; };
		C0D6BF442B4C6C1100585540 /* WebSocketManager.swift in Sources */ = {isa = PBXBuildFile; fileRef = C0D6BF432B4C6C1100585540 /* WebSocketManager.swift */; };
		C0D6BF462B4C6E9600585540 /* CoinTicker.swift in Sources */ = {isa = PBXBuildFile; fileRef = C0D6BF452B4C6E9600585540 /* CoinTicker.swift */; };
		C0D6BF482B4D076B00585540 /* HomeCoinRow.swift in Sources */ = {isa = PBXBuildFile; fileRef = C0D6BF472B4D076B00585540 /* HomeCoinRow.swift */; };
		C0D6BF4A2B4D0B5900585540 /* RequestTicker.swift in Sources */ = {isa = PBXBuildFile; fileRef = C0D6BF492B4D0B5900585540 /* RequestTicker.swift */; };
		C0DD7D6C2B4F03F100CE993C /* BookmarkCoin.swift in Sources */ = {isa = PBXBuildFile; fileRef = C0DD7D6B2B4F03F100CE993C /* BookmarkCoin.swift */; };
		C0E35E502B4E738500BD9828 /* ContentViewLifeCycle.swift in Sources */ = {isa = PBXBuildFile; fileRef = C0E35E4F2B4E738500BD9828 /* ContentViewLifeCycle.swift */; };
		C0E35E592B4E844A00BD9828 /* LifeCycleModifier.swift in Sources */ = {isa = PBXBuildFile; fileRef = C0E35E582B4E844A00BD9828 /* LifeCycleModifier.swift */; };
		C0E35E612B4EC13D00BD9828 /* Date+Extension.swift in Sources */ = {isa = PBXBuildFile; fileRef = C0E35E602B4EC13D00BD9828 /* Date+Extension.swift */; };
		C0E35E632B4EC3B100BD9828 /* ChartCoin.swift in Sources */ = {isa = PBXBuildFile; fileRef = C0E35E622B4EC3B100BD9828 /* ChartCoin.swift */; };
		C0F690772B4C323B009808AB /* CoinDiaryApp.swift in Sources */ = {isa = PBXBuildFile; fileRef = C0F690762B4C323B009808AB /* CoinDiaryApp.swift */; };
		C0F6907B2B4C323D009808AB /* Assets.xcassets in Resources */ = {isa = PBXBuildFile; fileRef = C0F6907A2B4C323D009808AB /* Assets.xcassets */; };
		C0F6907E2B4C323D009808AB /* Preview Assets.xcassets in Resources */ = {isa = PBXBuildFile; fileRef = C0F6907D2B4C323D009808AB /* Preview Assets.xcassets */; };
		C0F690862B4C3313009808AB /* CoinDiaryTabView.swift in Sources */ = {isa = PBXBuildFile; fileRef = C0F690852B4C3313009808AB /* CoinDiaryTabView.swift */; };
		C0F6908A2B4C364A009808AB /* HomeView.swift in Sources */ = {isa = PBXBuildFile; fileRef = C0F690892B4C364A009808AB /* HomeView.swift */; };
		C0F6908C2B4C39DE009808AB /* MyView.swift in Sources */ = {isa = PBXBuildFile; fileRef = C0F6908B2B4C39DE009808AB /* MyView.swift */; };
/* End PBXBuildFile section */

/* Begin PBXFileReference section */
		C01C4C0C2B4ED7CC0022DB12 /* ChartView.swift */ = {isa = PBXFileReference; lastKnownFileType = sourcecode.swift; path = ChartView.swift; sourceTree = "<group>"; };
		C0CA7FA22B4D8E1F000C68D7 /* DetailCoinView.swift */ = {isa = PBXFileReference; lastKnownFileType = sourcecode.swift; path = DetailCoinView.swift; sourceTree = "<group>"; };
		C0CA7FA42B4D9577000C68D7 /* Info.plist */ = {isa = PBXFileReference; lastKnownFileType = text.plist; path = Info.plist; sourceTree = "<group>"; };
		C0CA7FA52B4DAC59000C68D7 /* DetailCoinViewModel.swift */ = {isa = PBXFileReference; lastKnownFileType = sourcecode.swift; path = DetailCoinViewModel.swift; sourceTree = "<group>"; };
		C0CA7FA82B4DB092000C68D7 /* NavigationBarBackButtonTitleHiddenModifier.swift */ = {isa = PBXFileReference; lastKnownFileType = sourcecode.swift; path = NavigationBarBackButtonTitleHiddenModifier.swift; sourceTree = "<group>"; };
		C0D52B012B4DCA2300521373 /* DetailInfo.swift */ = {isa = PBXFileReference; lastKnownFileType = sourcecode.swift; path = DetailInfo.swift; sourceTree = "<group>"; };
		C0D52B032B4DCD6D00521373 /* Color+Extension.swift */ = {isa = PBXFileReference; lastKnownFileType = sourcecode.swift; path = "Color+Extension.swift"; sourceTree = "<group>"; };
		C0D6BF302B4C3EC000585540 /* HomeRowView.swift */ = {isa = PBXFileReference; lastKnownFileType = sourcecode.swift; path = HomeRowView.swift; sourceTree = "<group>"; };
		C0D6BF322B4C45FA00585540 /* HomeHeaderView.swift */ = {isa = PBXFileReference; lastKnownFileType = sourcecode.swift; path = HomeHeaderView.swift; sourceTree = "<group>"; };
		C0D6BF352B4C499D00585540 /* UIApplication+Extension.swift */ = {isa = PBXFileReference; lastKnownFileType = sourcecode.swift; path = "UIApplication+Extension.swift"; sourceTree = "<group>"; };
		C0D6BF3A2B4C573100585540 /* UpbitAPI.swift */ = {isa = PBXFileReference; lastKnownFileType = sourcecode.swift; path = UpbitAPI.swift; sourceTree = "<group>"; };
		C0D6BF3D2B4C575D00585540 /* Market.swift */ = {isa = PBXFileReference; lastKnownFileType = sourcecode.swift; path = Market.swift; sourceTree = "<group>"; };
		C0D6BF402B4C57D700585540 /* HomeViewModel.swift */ = {isa = PBXFileReference; lastKnownFileType = sourcecode.swift; path = HomeViewModel.swift; sourceTree = "<group>"; };
		C0D6BF432B4C6C1100585540 /* WebSocketManager.swift */ = {isa = PBXFileReference; lastKnownFileType = sourcecode.swift; path = WebSocketManager.swift; sourceTree = "<group>"; };
		C0D6BF452B4C6E9600585540 /* CoinTicker.swift */ = {isa = PBXFileReference; lastKnownFileType = sourcecode.swift; path = CoinTicker.swift; sourceTree = "<group>"; };
		C0D6BF472B4D076B00585540 /* HomeCoinRow.swift */ = {isa = PBXFileReference; lastKnownFileType = sourcecode.swift; path = HomeCoinRow.swift; sourceTree = "<group>"; };
		C0D6BF492B4D0B5900585540 /* RequestTicker.swift */ = {isa = PBXFileReference; lastKnownFileType = sourcecode.swift; path = RequestTicker.swift; sourceTree = "<group>"; };
		C0DD7D6B2B4F03F100CE993C /* BookmarkCoin.swift */ = {isa = PBXFileReference; lastKnownFileType = sourcecode.swift; path = BookmarkCoin.swift; sourceTree = "<group>"; };
		C0E35E4F2B4E738500BD9828 /* ContentViewLifeCycle.swift */ = {isa = PBXFileReference; lastKnownFileType = sourcecode.swift; path = ContentViewLifeCycle.swift; sourceTree = "<group>"; };
		C0E35E582B4E844A00BD9828 /* LifeCycleModifier.swift */ = {isa = PBXFileReference; lastKnownFileType = sourcecode.swift; path = LifeCycleModifier.swift; sourceTree = "<group>"; };
		C0E35E602B4EC13D00BD9828 /* Date+Extension.swift */ = {isa = PBXFileReference; lastKnownFileType = sourcecode.swift; path = "Date+Extension.swift"; sourceTree = "<group>"; };
		C0E35E622B4EC3B100BD9828 /* ChartCoin.swift */ = {isa = PBXFileReference; lastKnownFileType = sourcecode.swift; path = ChartCoin.swift; sourceTree = "<group>"; };
		C0F690732B4C323B009808AB /* CoinDiary.app */ = {isa = PBXFileReference; explicitFileType = wrapper.application; includeInIndex = 0; path = CoinDiary.app; sourceTree = BUILT_PRODUCTS_DIR; };
		C0F690762B4C323B009808AB /* CoinDiaryApp.swift */ = {isa = PBXFileReference; lastKnownFileType = sourcecode.swift; path = CoinDiaryApp.swift; sourceTree = "<group>"; };
		C0F6907A2B4C323D009808AB /* Assets.xcassets */ = {isa = PBXFileReference; lastKnownFileType = folder.assetcatalog; path = Assets.xcassets; sourceTree = "<group>"; };
		C0F6907D2B4C323D009808AB /* Preview Assets.xcassets */ = {isa = PBXFileReference; lastKnownFileType = folder.assetcatalog; path = "Preview Assets.xcassets"; sourceTree = "<group>"; };
		C0F690852B4C3313009808AB /* CoinDiaryTabView.swift */ = {isa = PBXFileReference; lastKnownFileType = sourcecode.swift; path = CoinDiaryTabView.swift; sourceTree = "<group>"; };
		C0F690892B4C364A009808AB /* HomeView.swift */ = {isa = PBXFileReference; lastKnownFileType = sourcecode.swift; path = HomeView.swift; sourceTree = "<group>"; };
		C0F6908B2B4C39DE009808AB /* MyView.swift */ = {isa = PBXFileReference; lastKnownFileType = sourcecode.swift; path = MyView.swift; sourceTree = "<group>"; };
/* End PBXFileReference section */

/* Begin PBXFrameworksBuildPhase section */
		C0F690702B4C323B009808AB /* Frameworks */ = {
			isa = PBXFrameworksBuildPhase;
			buildActionMask = 2147483647;
			files = (
			);
			runOnlyForDeploymentPostprocessing = 0;
		};
/* End PBXFrameworksBuildPhase section */

/* Begin PBXGroup section */
		C0CA7FA12B4D8DF5000C68D7 /* DetailCoin */ = {
			isa = PBXGroup;
			children = (
				C01C4C0C2B4ED7CC0022DB12 /* ChartView.swift */,
				C0CA7FA22B4D8E1F000C68D7 /* DetailCoinView.swift */,
				C0CA7FA52B4DAC59000C68D7 /* DetailCoinViewModel.swift */,
			);
			path = DetailCoin;
			sourceTree = "<group>";
		};
		C0CA7FA72B4DB077000C68D7 /* ViewModifier */ = {
			isa = PBXGroup;
			children = (
				C0CA7FA82B4DB092000C68D7 /* NavigationBarBackButtonTitleHiddenModifier.swift */,
				C0E35E582B4E844A00BD9828 /* LifeCycleModifier.swift */,
			);
			path = ViewModifier;
			sourceTree = "<group>";
		};
		C0D6BF342B4C499100585540 /* Extension */ = {
			isa = PBXGroup;
			children = (
				C0D6BF352B4C499D00585540 /* UIApplication+Extension.swift */,
				C0D52B032B4DCD6D00521373 /* Color+Extension.swift */,
				C0E35E602B4EC13D00BD9828 /* Date+Extension.swift */,
			);
			path = Extension;
			sourceTree = "<group>";
		};
		C0D6BF392B4C571700585540 /* API */ = {
			isa = PBXGroup;
			children = (
				C0D6BF3A2B4C573100585540 /* UpbitAPI.swift */,
			);
			path = API;
			sourceTree = "<group>";
		};
		C0D6BF3C2B4C575700585540 /* Model */ = {
			isa = PBXGroup;
			children = (
				C0D6BF3D2B4C575D00585540 /* Market.swift */,
				C0D6BF452B4C6E9600585540 /* CoinTicker.swift */,
				C0D6BF472B4D076B00585540 /* HomeCoinRow.swift */,
				C0D6BF492B4D0B5900585540 /* RequestTicker.swift */,
				C0D52B012B4DCA2300521373 /* DetailInfo.swift */,
				C0E35E622B4EC3B100BD9828 /* ChartCoin.swift */,
				C0DD7D6B2B4F03F100CE993C /* BookmarkCoin.swift */,
			);
			path = Model;
			sourceTree = "<group>";
		};
		C0D6BF3F2B4C57C700585540 /* View */ = {
			isa = PBXGroup;
			children = (
				C0F690892B4C364A009808AB /* HomeView.swift */,
				C0D6BF302B4C3EC000585540 /* HomeRowView.swift */,
				C0D6BF322B4C45FA00585540 /* HomeHeaderView.swift */,
			);
			path = View;
			sourceTree = "<group>";
		};
		C0D6BF422B4C685700585540 /* Utils */ = {
			isa = PBXGroup;
			children = (
				C0D6BF432B4C6C1100585540 /* WebSocketManager.swift */,
				C0E35E4F2B4E738500BD9828 /* ContentViewLifeCycle.swift */,
			);
			path = Utils;
			sourceTree = "<group>";
		};
		C0F6906A2B4C323B009808AB = {
			isa = PBXGroup;
			children = (
				C0F690752B4C323B009808AB /* CoinDiary */,
				C0F690742B4C323B009808AB /* Products */,
			);
			sourceTree = "<group>";
		};
		C0F690742B4C323B009808AB /* Products */ = {
			isa = PBXGroup;
			children = (
				C0F690732B4C323B009808AB /* CoinDiary.app */,
			);
			name = Products;
			sourceTree = "<group>";
		};
		C0F690752B4C323B009808AB /* CoinDiary */ = {
			isa = PBXGroup;
			children = (
				C0CA7FA42B4D9577000C68D7 /* Info.plist */,
				C0F690762B4C323B009808AB /* CoinDiaryApp.swift */,
				C0F6907A2B4C323D009808AB /* Assets.xcassets */,
				C0D6BF392B4C571700585540 /* API */,
				C0D6BF342B4C499100585540 /* Extension */,
				C0D6BF3C2B4C575700585540 /* Model */,
				C0F6907C2B4C323D009808AB /* Preview Content */,
				C0D6BF422B4C685700585540 /* Utils */,
				C0F690842B4C3300009808AB /* View */,
				C0CA7FA72B4DB077000C68D7 /* ViewModifier */,
			);
			path = CoinDiary;
			sourceTree = "<group>";
		};
		C0F6907C2B4C323D009808AB /* Preview Content */ = {
			isa = PBXGroup;
			children = (
				C0F6907D2B4C323D009808AB /* Preview Assets.xcassets */,
			);
			path = "Preview Content";
			sourceTree = "<group>";
		};
		C0F690842B4C3300009808AB /* View */ = {
			isa = PBXGroup;
			children = (
				C0CA7FA12B4D8DF5000C68D7 /* DetailCoin */,
				C0F690882B4C363C009808AB /* My */,
				C0F690872B4C3635009808AB /* Home */,
				C0F690852B4C3313009808AB /* CoinDiaryTabView.swift */,
			);
			path = View;
			sourceTree = "<group>";
		};
		C0F690872B4C3635009808AB /* Home */ = {
			isa = PBXGroup;
			children = (
				C0D6BF3F2B4C57C700585540 /* View */,
				C0D6BF402B4C57D700585540 /* HomeViewModel.swift */,
			);
			path = Home;
			sourceTree = "<group>";
		};
		C0F690882B4C363C009808AB /* My */ = {
			isa = PBXGroup;
			children = (
				C0F6908B2B4C39DE009808AB /* MyView.swift */,
			);
			path = My;
			sourceTree = "<group>";
		};
/* End PBXGroup section */

/* Begin PBXNativeTarget section */
		C0F690722B4C323B009808AB /* CoinDiary */ = {
			isa = PBXNativeTarget;
			buildConfigurationList = C0F690812B4C323D009808AB /* Build configuration list for PBXNativeTarget "CoinDiary" */;
			buildPhases = (
				C0F6906F2B4C323B009808AB /* Sources */,
				C0F690702B4C323B009808AB /* Frameworks */,
				C0F690712B4C323B009808AB /* Resources */,
			);
			buildRules = (
			);
			dependencies = (
			);
			name = CoinDiary;
			productName = CoinDiary;
			productReference = C0F690732B4C323B009808AB /* CoinDiary.app */;
			productType = "com.apple.product-type.application";
		};
/* End PBXNativeTarget section */

/* Begin PBXProject section */
		C0F6906B2B4C323B009808AB /* Project object */ = {
			isa = PBXProject;
			attributes = {
				BuildIndependentTargetsInParallel = 1;
				LastSwiftUpdateCheck = 1500;
				LastUpgradeCheck = 1500;
				TargetAttributes = {
					C0F690722B4C323B009808AB = {
						CreatedOnToolsVersion = 15.0;
					};
				};
			};
			buildConfigurationList = C0F6906E2B4C323B009808AB /* Build configuration list for PBXProject "CoinDiary" */;
			compatibilityVersion = "Xcode 14.0";
			developmentRegion = en;
			hasScannedForEncodings = 0;
			knownRegions = (
				en,
				Base,
			);
			mainGroup = C0F6906A2B4C323B009808AB;
			productRefGroup = C0F690742B4C323B009808AB /* Products */;
			projectDirPath = "";
			projectRoot = "";
			targets = (
				C0F690722B4C323B009808AB /* CoinDiary */,
			);
		};
/* End PBXProject section */

/* Begin PBXResourcesBuildPhase section */
		C0F690712B4C323B009808AB /* Resources */ = {
			isa = PBXResourcesBuildPhase;
			buildActionMask = 2147483647;
			files = (
				C0F6907E2B4C323D009808AB /* Preview Assets.xcassets in Resources */,
				C0F6907B2B4C323D009808AB /* Assets.xcassets in Resources */,
			);
			runOnlyForDeploymentPostprocessing = 0;
		};
/* End PBXResourcesBuildPhase section */

/* Begin PBXSourcesBuildPhase section */
		C0F6906F2B4C323B009808AB /* Sources */ = {
			isa = PBXSourcesBuildPhase;
			buildActionMask = 2147483647;
			files = (
				C0D6BF332B4C45FA00585540 /* HomeHeaderView.swift in Sources */,
				C0D6BF362B4C499D00585540 /* UIApplication+Extension.swift in Sources */,
				C0D6BF482B4D076B00585540 /* HomeCoinRow.swift in Sources */,
				C0E35E502B4E738500BD9828 /* ContentViewLifeCycle.swift in Sources */,
				C0CA7FA32B4D8E1F000C68D7 /* DetailCoinView.swift in Sources */,
				C0D6BF462B4C6E9600585540 /* CoinTicker.swift in Sources */,
				C0E35E612B4EC13D00BD9828 /* Date+Extension.swift in Sources */,
				C0CA7FA92B4DB092000C68D7 /* NavigationBarBackButtonTitleHiddenModifier.swift in Sources */,
				C0D52B022B4DCA2300521373 /* DetailInfo.swift in Sources */,
				C0F6908C2B4C39DE009808AB /* MyView.swift in Sources */,
				C01C4C0D2B4ED7CC0022DB12 /* ChartView.swift in Sources */,
				C0DD7D6C2B4F03F100CE993C /* BookmarkCoin.swift in Sources */,
				C0D6BF412B4C57D700585540 /* HomeViewModel.swift in Sources */,
				C0D52B042B4DCD6D00521373 /* Color+Extension.swift in Sources */,
				C0F6908A2B4C364A009808AB /* HomeView.swift in Sources */,
				C0D6BF4A2B4D0B5900585540 /* RequestTicker.swift in Sources */,
				C0F690862B4C3313009808AB /* CoinDiaryTabView.swift in Sources */,
				C0F690772B4C323B009808AB /* CoinDiaryApp.swift in Sources */,
				C0E35E592B4E844A00BD9828 /* LifeCycleModifier.swift in Sources */,
				C0D6BF312B4C3EC000585540 /* HomeRowView.swift in Sources */,
				C0D6BF442B4C6C1100585540 /* WebSocketManager.swift in Sources */,
				C0D6BF3B2B4C573100585540 /* UpbitAPI.swift in Sources */,
				C0E35E632B4EC3B100BD9828 /* ChartCoin.swift in Sources */,
				C0D6BF3E2B4C575D00585540 /* Market.swift in Sources */,
				C0CA7FA62B4DAC59000C68D7 /* DetailCoinViewModel.swift in Sources */,
			);
			runOnlyForDeploymentPostprocessing = 0;
		};
/* End PBXSourcesBuildPhase section */

/* Begin XCBuildConfiguration section */
		C0F6907F2B4C323D009808AB /* Debug */ = {
			isa = XCBuildConfiguration;
			buildSettings = {
				ALWAYS_SEARCH_USER_PATHS = NO;
				ASSETCATALOG_COMPILER_GENERATE_SWIFT_ASSET_SYMBOL_EXTENSIONS = YES;
				CLANG_ANALYZER_NONNULL = YES;
				CLANG_ANALYZER_NUMBER_OBJECT_CONVERSION = YES_AGGRESSIVE;
				CLANG_CXX_LANGUAGE_STANDARD = "gnu++20";
				CLANG_ENABLE_MODULES = YES;
				CLANG_ENABLE_OBJC_ARC = YES;
				CLANG_ENABLE_OBJC_WEAK = YES;
				CLANG_WARN_BLOCK_CAPTURE_AUTORELEASING = YES;
				CLANG_WARN_BOOL_CONVERSION = YES;
				CLANG_WARN_COMMA = YES;
				CLANG_WARN_CONSTANT_CONVERSION = YES;
				CLANG_WARN_DEPRECATED_OBJC_IMPLEMENTATIONS = YES;
				CLANG_WARN_DIRECT_OBJC_ISA_USAGE = YES_ERROR;
				CLANG_WARN_DOCUMENTATION_COMMENTS = YES;
				CLANG_WARN_EMPTY_BODY = YES;
				CLANG_WARN_ENUM_CONVERSION = YES;
				CLANG_WARN_INFINITE_RECURSION = YES;
				CLANG_WARN_INT_CONVERSION = YES;
				CLANG_WARN_NON_LITERAL_NULL_CONVERSION = YES;
				CLANG_WARN_OBJC_IMPLICIT_RETAIN_SELF = YES;
				CLANG_WARN_OBJC_LITERAL_CONVERSION = YES;
				CLANG_WARN_OBJC_ROOT_CLASS = YES_ERROR;
				CLANG_WARN_QUOTED_INCLUDE_IN_FRAMEWORK_HEADER = YES;
				CLANG_WARN_RANGE_LOOP_ANALYSIS = YES;
				CLANG_WARN_STRICT_PROTOTYPES = YES;
				CLANG_WARN_SUSPICIOUS_MOVE = YES;
				CLANG_WARN_UNGUARDED_AVAILABILITY = YES_AGGRESSIVE;
				CLANG_WARN_UNREACHABLE_CODE = YES;
				CLANG_WARN__DUPLICATE_METHOD_MATCH = YES;
				COPY_PHASE_STRIP = NO;
				DEBUG_INFORMATION_FORMAT = dwarf;
				ENABLE_STRICT_OBJC_MSGSEND = YES;
				ENABLE_TESTABILITY = YES;
				ENABLE_USER_SCRIPT_SANDBOXING = YES;
				GCC_C_LANGUAGE_STANDARD = gnu17;
				GCC_DYNAMIC_NO_PIC = NO;
				GCC_NO_COMMON_BLOCKS = YES;
				GCC_OPTIMIZATION_LEVEL = 0;
				GCC_PREPROCESSOR_DEFINITIONS = (
					"DEBUG=1",
					"$(inherited)",
				);
				GCC_WARN_64_TO_32_BIT_CONVERSION = YES;
				GCC_WARN_ABOUT_RETURN_TYPE = YES_ERROR;
				GCC_WARN_UNDECLARED_SELECTOR = YES;
				GCC_WARN_UNINITIALIZED_AUTOS = YES_AGGRESSIVE;
				GCC_WARN_UNUSED_FUNCTION = YES;
				GCC_WARN_UNUSED_VARIABLE = YES;
				IPHONEOS_DEPLOYMENT_TARGET = 17.0;
				LOCALIZATION_PREFERS_STRING_CATALOGS = YES;
				MTL_ENABLE_DEBUG_INFO = INCLUDE_SOURCE;
				MTL_FAST_MATH = YES;
				ONLY_ACTIVE_ARCH = YES;
				SDKROOT = iphoneos;
				SWIFT_ACTIVE_COMPILATION_CONDITIONS = "DEBUG $(inherited)";
				SWIFT_OPTIMIZATION_LEVEL = "-Onone";
			};
			name = Debug;
		};
		C0F690802B4C323D009808AB /* Release */ = {
			isa = XCBuildConfiguration;
			buildSettings = {
				ALWAYS_SEARCH_USER_PATHS = NO;
				ASSETCATALOG_COMPILER_GENERATE_SWIFT_ASSET_SYMBOL_EXTENSIONS = YES;
				CLANG_ANALYZER_NONNULL = YES;
				CLANG_ANALYZER_NUMBER_OBJECT_CONVERSION = YES_AGGRESSIVE;
				CLANG_CXX_LANGUAGE_STANDARD = "gnu++20";
				CLANG_ENABLE_MODULES = YES;
				CLANG_ENABLE_OBJC_ARC = YES;
				CLANG_ENABLE_OBJC_WEAK = YES;
				CLANG_WARN_BLOCK_CAPTURE_AUTORELEASING = YES;
				CLANG_WARN_BOOL_CONVERSION = YES;
				CLANG_WARN_COMMA = YES;
				CLANG_WARN_CONSTANT_CONVERSION = YES;
				CLANG_WARN_DEPRECATED_OBJC_IMPLEMENTATIONS = YES;
				CLANG_WARN_DIRECT_OBJC_ISA_USAGE = YES_ERROR;
				CLANG_WARN_DOCUMENTATION_COMMENTS = YES;
				CLANG_WARN_EMPTY_BODY = YES;
				CLANG_WARN_ENUM_CONVERSION = YES;
				CLANG_WARN_INFINITE_RECURSION = YES;
				CLANG_WARN_INT_CONVERSION = YES;
				CLANG_WARN_NON_LITERAL_NULL_CONVERSION = YES;
				CLANG_WARN_OBJC_IMPLICIT_RETAIN_SELF = YES;
				CLANG_WARN_OBJC_LITERAL_CONVERSION = YES;
				CLANG_WARN_OBJC_ROOT_CLASS = YES_ERROR;
				CLANG_WARN_QUOTED_INCLUDE_IN_FRAMEWORK_HEADER = YES;
				CLANG_WARN_RANGE_LOOP_ANALYSIS = YES;
				CLANG_WARN_STRICT_PROTOTYPES = YES;
				CLANG_WARN_SUSPICIOUS_MOVE = YES;
				CLANG_WARN_UNGUARDED_AVAILABILITY = YES_AGGRESSIVE;
				CLANG_WARN_UNREACHABLE_CODE = YES;
				CLANG_WARN__DUPLICATE_METHOD_MATCH = YES;
				COPY_PHASE_STRIP = NO;
				DEBUG_INFORMATION_FORMAT = "dwarf-with-dsym";
				ENABLE_NS_ASSERTIONS = NO;
				ENABLE_STRICT_OBJC_MSGSEND = YES;
				ENABLE_USER_SCRIPT_SANDBOXING = YES;
				GCC_C_LANGUAGE_STANDARD = gnu17;
				GCC_NO_COMMON_BLOCKS = YES;
				GCC_WARN_64_TO_32_BIT_CONVERSION = YES;
				GCC_WARN_ABOUT_RETURN_TYPE = YES_ERROR;
				GCC_WARN_UNDECLARED_SELECTOR = YES;
				GCC_WARN_UNINITIALIZED_AUTOS = YES_AGGRESSIVE;
				GCC_WARN_UNUSED_FUNCTION = YES;
				GCC_WARN_UNUSED_VARIABLE = YES;
				IPHONEOS_DEPLOYMENT_TARGET = 17.0;
				LOCALIZATION_PREFERS_STRING_CATALOGS = YES;
				MTL_ENABLE_DEBUG_INFO = NO;
				MTL_FAST_MATH = YES;
				SDKROOT = iphoneos;
				SWIFT_COMPILATION_MODE = wholemodule;
				VALIDATE_PRODUCT = YES;
			};
			name = Release;
		};
		C0F690822B4C323D009808AB /* Debug */ = {
			isa = XCBuildConfiguration;
			buildSettings = {
				ASSETCATALOG_COMPILER_APPICON_NAME = AppIcon;
				ASSETCATALOG_COMPILER_GLOBAL_ACCENT_COLOR_NAME = AccentColor;
				CODE_SIGN_STYLE = Automatic;
				CURRENT_PROJECT_VERSION = 1;
				DEVELOPMENT_ASSET_PATHS = "\"CoinDiary/Preview Content\"";
				DEVELOPMENT_TEAM = SV3K237PCX;
				ENABLE_PREVIEWS = YES;
				GENERATE_INFOPLIST_FILE = YES;
				INFOPLIST_FILE = CoinDiary/Info.plist;
				INFOPLIST_KEY_UIApplicationSceneManifest_Generation = YES;
				INFOPLIST_KEY_UIApplicationSupportsIndirectInputEvents = YES;
				INFOPLIST_KEY_UILaunchScreen_Generation = YES;
				INFOPLIST_KEY_UISupportedInterfaceOrientations_iPad = "UIInterfaceOrientationPortrait UIInterfaceOrientationPortraitUpsideDown UIInterfaceOrientationLandscapeLeft UIInterfaceOrientationLandscapeRight";
				INFOPLIST_KEY_UISupportedInterfaceOrientations_iPhone = "UIInterfaceOrientationPortrait UIInterfaceOrientationLandscapeLeft UIInterfaceOrientationLandscapeRight";
				INFOPLIST_KEY_UIUserInterfaceStyle = Light;
				LD_RUNPATH_SEARCH_PATHS = (
					"$(inherited)",
					"@executable_path/Frameworks",
				);
				MARKETING_VERSION = 1.0;
				PRODUCT_BUNDLE_IDENTIFIER = com.comet.CoinDiary;
				PRODUCT_NAME = "$(TARGET_NAME)";
				SWIFT_EMIT_LOC_STRINGS = YES;
				SWIFT_VERSION = 5.0;
				TARGETED_DEVICE_FAMILY = "1,2";
			};
			name = Debug;
		};
		C0F690832B4C323D009808AB /* Release */ = {
			isa = XCBuildConfiguration;
			buildSettings = {
				ASSETCATALOG_COMPILER_APPICON_NAME = AppIcon;
				ASSETCATALOG_COMPILER_GLOBAL_ACCENT_COLOR_NAME = AccentColor;
				CODE_SIGN_STYLE = Automatic;
				CURRENT_PROJECT_VERSION = 1;
				DEVELOPMENT_ASSET_PATHS = "\"CoinDiary/Preview Content\"";
				DEVELOPMENT_TEAM = SV3K237PCX;
				ENABLE_PREVIEWS = YES;
				GENERATE_INFOPLIST_FILE = YES;
				INFOPLIST_FILE = CoinDiary/Info.plist;
				INFOPLIST_KEY_UIApplicationSceneManifest_Generation = YES;
				INFOPLIST_KEY_UIApplicationSupportsIndirectInputEvents = YES;
				INFOPLIST_KEY_UILaunchScreen_Generation = YES;
				INFOPLIST_KEY_UISupportedInterfaceOrientations_iPad = "UIInterfaceOrientationPortrait UIInterfaceOrientationPortraitUpsideDown UIInterfaceOrientationLandscapeLeft UIInterfaceOrientationLandscapeRight";
				INFOPLIST_KEY_UISupportedInterfaceOrientations_iPhone = "UIInterfaceOrientationPortrait UIInterfaceOrientationLandscapeLeft UIInterfaceOrientationLandscapeRight";
				INFOPLIST_KEY_UIUserInterfaceStyle = Light;
				LD_RUNPATH_SEARCH_PATHS = (
					"$(inherited)",
					"@executable_path/Frameworks",
				);
				MARKETING_VERSION = 1.0;
				PRODUCT_BUNDLE_IDENTIFIER = com.comet.CoinDiary;
				PRODUCT_NAME = "$(TARGET_NAME)";
				SWIFT_EMIT_LOC_STRINGS = YES;
				SWIFT_VERSION = 5.0;
				TARGETED_DEVICE_FAMILY = "1,2";
			};
			name = Release;
		};
/* End XCBuildConfiguration section */

/* Begin XCConfigurationList section */
		C0F6906E2B4C323B009808AB /* Build configuration list for PBXProject "CoinDiary" */ = {
			isa = XCConfigurationList;
			buildConfigurations = (
				C0F6907F2B4C323D009808AB /* Debug */,
				C0F690802B4C323D009808AB /* Release */,
			);
			defaultConfigurationIsVisible = 0;
			defaultConfigurationName = Release;
		};
		C0F690812B4C323D009808AB /* Build configuration list for PBXNativeTarget "CoinDiary" */ = {
			isa = XCConfigurationList;
			buildConfigurations = (
				C0F690822B4C323D009808AB /* Debug */,
				C0F690832B4C323D009808AB /* Release */,
			);
			defaultConfigurationIsVisible = 0;
			defaultConfigurationName = Release;
		};
/* End XCConfigurationList section */
	};
	rootObject = C0F6906B2B4C323B009808AB /* Project object */;
}
